
Microsoft Visual Studio Solution File, Format Version 12.00
# Visual Studio Version 16
VisualStudioVersion = 16.0.30611.23
MinimumVisualStudioVersion = 10.0.40219.1
Project("{FAE04EC0-301F-11D3-BF4B-00C04F79EFBC}") = "EngComp", "EngComp.csproj", "{F9C8B342-8D8E-4B40-A22E-91F82BC65A19}"
EndProject
Global
	GlobalSection(SolutionConfigurationPlatforms) = preSolution
		Debug|Any CPU = Debug|Any CPU
		Release|Any CPU = Release|Any CPU
	EndGlobalSection
	GlobalSection(ProjectConfigurationPlatforms) = postSolution
		{F9C8B342-8D8E-4B40-A22E-91F82BC65A19}.Debug|Any CPU.ActiveCfg = Debug|Any CPU
		{F9C8B342-8D8E-4B40-A22E-91F82BC65A19}.Debug|Any CPU.Build.0 = Debug|Any CPU
		{F9C8B342-8D8E-4B40-A22E-91F82BC65A19}.Release|Any CPU.ActiveCfg = Release|Any CPU
		{F9C8B342-8D8E-4B40-A22E-91F82BC65A19}.Release|Any CPU.Build.0 = Release|Any CPU
	EndGlobalSection
	GlobalSection(SolutionProperties) = preSolution
		HideSolutionNode = FALSE
	EndGlobalSection
	GlobalSection(ExtensibilityGlobals) = postSolution
		SolutionGuid = {4C0A7A46-CC9A-42D2-A8B4-9163057D2767}
	EndGlobalSection
EndGlobal
